
Microsoft Visual Studio Solution File, Format Version 12.00
# Visual Studio Version 17
VisualStudioVersion = 17.7.33906.173
MinimumVisualStudioVersion = 10.0.40219.1
Project("{9A19103F-16F7-4668-BE54-9A1E7A4F7556}") = "Inventory.Users", "Inventory.Users\Inventory.Users.csproj", "{E089E927-C4A1-484E-8513-79336C15789E}"
EndProject
Project("{9A19103F-16F7-4668-BE54-9A1E7A4F7556}") = "Inventory.WebApi", "Inventory.WebApi\Inventory.WebApi.csproj", "{87325F5C-EC1F-4B8A-A094-171E6004298F}"
EndProject
Project("{9A19103F-16F7-4668-BE54-9A1E7A4F7556}") = "Inventory.Products", "Inventory.Products\Inventory.Products.csproj", "{87FDD436-350F-449B-8B01-75FAE1EF3526}"
EndProject
Project("{2150E333-8FDC-42A3-9474-1A3956D46DE8}") = "Users", "Users", "{788AFBED-C03B-4B28-A4B1-041137BDA927}"
EndProject
Project("{2150E333-8FDC-42A3-9474-1A3956D46DE8}") = "Products", "Products", "{FC7F9F24-A6CD-4F29-9A04-866E01A39B73}"
EndProject
Project("{2150E333-8FDC-42A3-9474-1A3956D46DE8}") = "Solution Items", "Solution Items", "{73974222-20FE-4DD3-B1B4-B4A1867377EB}"
	ProjectSection(SolutionItems) = preProject
		README.md = README.md
	EndProjectSection
EndProject
Project("{9A19103F-16F7-4668-BE54-9A1E7A4F7556}") = "Inventory.Prices", "Prices\Inventory.Prices.csproj", "{079A5917-DE1C-4CD7-BB0F-6A95E90E390A}"
EndProject
Project("{9A19103F-16F7-4668-BE54-9A1E7A4F7556}") = "Inventory.Products.Contracts", "Inventory.Products.Contracts\Inventory.Products.Contracts.csproj", "{302F89CA-2D96-449B-A142-B362D2D479AB}"
EndProject
Project("{2150E333-8FDC-42A3-9474-1A3956D46DE8}") = "Notifier", "Notifier", "{ED2847C0-EB93-4BCC-82A3-19613A02DBCB}"
EndProject
Project("{9A19103F-16F7-4668-BE54-9A1E7A4F7556}") = "Inventory.Notifier", "Inventory.Notifier\Inventory.Notifier.csproj", "{6F10D302-0340-4F4A-BA54-C2A3FE67A1D1}"
EndProject
Project("{2150E333-8FDC-42A3-9474-1A3956D46DE8}") = "Prices", "Prices", "{4EDD68F9-FA56-44A8-A297-8383D03789A6}"
EndProject
Project("{2150E333-8FDC-42A3-9474-1A3956D46DE8}") = "Expressions", "Expressions", "{BF59840D-EBEE-4E3A-8DB0-ACB79CD1D488}"
EndProject
Project("{9A19103F-16F7-4668-BE54-9A1E7A4F7556}") = "Expressions", "Expressions\Expressions.csproj", "{87C42F9B-2E72-425D-83E8-FC887C66175E}"
EndProject
Global
	GlobalSection(SolutionConfigurationPlatforms) = preSolution
		Debug|Any CPU = Debug|Any CPU
		Release|Any CPU = Release|Any CPU
	EndGlobalSection
	GlobalSection(ProjectConfigurationPlatforms) = postSolution
		{E089E927-C4A1-484E-8513-79336C15789E}.Debug|Any CPU.ActiveCfg = Debug|Any CPU
		{E089E927-C4A1-484E-8513-79336C15789E}.Debug|Any CPU.Build.0 = Debug|Any CPU
		{E089E927-C4A1-484E-8513-79336C15789E}.Release|Any CPU.ActiveCfg = Release|Any CPU
		{E089E927-C4A1-484E-8513-79336C15789E}.Release|Any CPU.Build.0 = Release|Any CPU
		{87325F5C-EC1F-4B8A-A094-171E6004298F}.Debug|Any CPU.ActiveCfg = Debug|Any CPU
		{87325F5C-EC1F-4B8A-A094-171E6004298F}.Debug|Any CPU.Build.0 = Debug|Any CPU
		{87325F5C-EC1F-4B8A-A094-171E6004298F}.Release|Any CPU.ActiveCfg = Release|Any CPU
		{87325F5C-EC1F-4B8A-A094-171E6004298F}.Release|Any CPU.Build.0 = Release|Any CPU
		{87FDD436-350F-449B-8B01-75FAE1EF3526}.Debug|Any CPU.ActiveCfg = Debug|Any CPU
		{87FDD436-350F-449B-8B01-75FAE1EF3526}.Debug|Any CPU.Build.0 = Debug|Any CPU
		{87FDD436-350F-449B-8B01-75FAE1EF3526}.Release|Any CPU.ActiveCfg = Release|Any CPU
		{87FDD436-350F-449B-8B01-75FAE1EF3526}.Release|Any CPU.Build.0 = Release|Any CPU
		{079A5917-DE1C-4CD7-BB0F-6A95E90E390A}.Debug|Any CPU.ActiveCfg = Debug|Any CPU
		{079A5917-DE1C-4CD7-BB0F-6A95E90E390A}.Debug|Any CPU.Build.0 = Debug|Any CPU
		{079A5917-DE1C-4CD7-BB0F-6A95E90E390A}.Release|Any CPU.ActiveCfg = Release|Any CPU
		{079A5917-DE1C-4CD7-BB0F-6A95E90E390A}.Release|Any CPU.Build.0 = Release|Any CPU
		{302F89CA-2D96-449B-A142-B362D2D479AB}.Debug|Any CPU.ActiveCfg = Debug|Any CPU
		{302F89CA-2D96-449B-A142-B362D2D479AB}.Debug|Any CPU.Build.0 = Debug|Any CPU
		{302F89CA-2D96-449B-A142-B362D2D479AB}.Release|Any CPU.ActiveCfg = Release|Any CPU
		{302F89CA-2D96-449B-A142-B362D2D479AB}.Release|Any CPU.Build.0 = Release|Any CPU
		{6F10D302-0340-4F4A-BA54-C2A3FE67A1D1}.Debug|Any CPU.ActiveCfg = Debug|Any CPU
		{6F10D302-0340-4F4A-BA54-C2A3FE67A1D1}.Debug|Any CPU.Build.0 = Debug|Any CPU
		{6F10D302-0340-4F4A-BA54-C2A3FE67A1D1}.Release|Any CPU.ActiveCfg = Release|Any CPU
		{6F10D302-0340-4F4A-BA54-C2A3FE67A1D1}.Release|Any CPU.Build.0 = Release|Any CPU
		{87C42F9B-2E72-425D-83E8-FC887C66175E}.Debug|Any CPU.ActiveCfg = Debug|Any CPU
		{87C42F9B-2E72-425D-83E8-FC887C66175E}.Debug|Any CPU.Build.0 = Debug|Any CPU
		{87C42F9B-2E72-425D-83E8-FC887C66175E}.Release|Any CPU.ActiveCfg = Release|Any CPU
		{87C42F9B-2E72-425D-83E8-FC887C66175E}.Release|Any CPU.Build.0 = Release|Any CPU
	EndGlobalSection
	GlobalSection(SolutionProperties) = preSolution
		HideSolutionNode = FALSE
	EndGlobalSection
	GlobalSection(NestedProjects) = preSolution
		{E089E927-C4A1-484E-8513-79336C15789E} = {788AFBED-C03B-4B28-A4B1-041137BDA927}
		{87FDD436-350F-449B-8B01-75FAE1EF3526} = {FC7F9F24-A6CD-4F29-9A04-866E01A39B73}
		{079A5917-DE1C-4CD7-BB0F-6A95E90E390A} = {4EDD68F9-FA56-44A8-A297-8383D03789A6}
		{302F89CA-2D96-449B-A142-B362D2D479AB} = {FC7F9F24-A6CD-4F29-9A04-866E01A39B73}
		{6F10D302-0340-4F4A-BA54-C2A3FE67A1D1} = {ED2847C0-EB93-4BCC-82A3-19613A02DBCB}
		{87C42F9B-2E72-425D-83E8-FC887C66175E} = {BF59840D-EBEE-4E3A-8DB0-ACB79CD1D488}
	EndGlobalSection
	GlobalSection(ExtensibilityGlobals) = postSolution
		SolutionGuid = {582FC159-BB6D-4F86-A864-9DCDBC25735B}
	EndGlobalSection
EndGlobal
