
Microsoft Visual Studio Solution File, Format Version 12.00
# Visual Studio Version 17
VisualStudioVersion = 17.7.33906.173
MinimumVisualStudioVersion = 10.0.40219.1
Project("{9A19103F-16F7-4668-BE54-9A1E7A4F7556}") = "Inventory.WebApi", "Inventory.WebApi\Inventory.WebApi.csproj", "{87325F5C-EC1F-4B8A-A094-171E6004298F}"
EndProject
Project("{9A19103F-16F7-4668-BE54-9A1E7A4F7556}") = "Inventory.Products", "Inventory.Products\Inventory.Products.csproj", "{87FDD436-350F-449B-8B01-75FAE1EF3526}"
EndProject
Project("{2150E333-8FDC-42A3-9474-1A3956D46DE8}") = "Products", "Products", "{FC7F9F24-A6CD-4F29-9A04-866E01A39B73}"
EndProject
Project("{2150E333-8FDC-42A3-9474-1A3956D46DE8}") = "Solution Items", "Solution Items", "{73974222-20FE-4DD3-B1B4-B4A1867377EB}"
	ProjectSection(SolutionItems) = preProject
		README.md = README.md
	EndProjectSection
EndProject
Project("{9A19103F-16F7-4668-BE54-9A1E7A4F7556}") = "Inventory.Prices", "Prices\Inventory.Prices.csproj", "{079A5917-DE1C-4CD7-BB0F-6A95E90E390A}"
EndProject
Project("{9A19103F-16F7-4668-BE54-9A1E7A4F7556}") = "Inventory.Products.Contracts", "Inventory.Products.Contracts\Inventory.Products.Contracts.csproj", "{302F89CA-2D96-449B-A142-B362D2D479AB}"
EndProject
Project("{2150E333-8FDC-42A3-9474-1A3956D46DE8}") = "Notifications", "Notifications", "{ED2847C0-EB93-4BCC-82A3-19613A02DBCB}"
EndProject
Project("{9A19103F-16F7-4668-BE54-9A1E7A4F7556}") = "Inventory.Notifications", "Inventory.Notifier\Inventory.Notifications.csproj", "{6F10D302-0340-4F4A-BA54-C2A3FE67A1D1}"
EndProject
Project("{2150E333-8FDC-42A3-9474-1A3956D46DE8}") = "Prices", "Prices", "{4EDD68F9-FA56-44A8-A297-8383D03789A6}"
EndProject
Project("{2150E333-8FDC-42A3-9474-1A3956D46DE8}") = "Expressions", "Expressions", "{BF59840D-EBEE-4E3A-8DB0-ACB79CD1D488}"
EndProject
Project("{9A19103F-16F7-4668-BE54-9A1E7A4F7556}") = "Inventory.Expressions", "Inventory.Expressions\Inventory.Expressions.csproj", "{87C42F9B-2E72-425D-83E8-FC887C66175E}"
EndProject
Project("{9A19103F-16F7-4668-BE54-9A1E7A4F7556}") = "Tests.Inventory", "Tests.Inventory.Expressions\Tests.Inventory.csproj", "{DAB154A1-13EB-4921-B98A-CCD68A54709A}"
EndProject
Project("{2150E333-8FDC-42A3-9474-1A3956D46DE8}") = "tests", "tests", "{C888E672-23E1-484A-9314-D3AF664ED03A}"
EndProject
Project("{9A19103F-16F7-4668-BE54-9A1E7A4F7556}") = "Inventory.Notifications.Contracts", "Inventory.Notifications.Contracts\Inventory.Notifications.Contracts.csproj", "{67952AEF-5FAC-414D-B88C-C59A8CF85570}"
EndProject
Project("{2150E333-8FDC-42A3-9474-1A3956D46DE8}") = "src", "src", "{A448CE67-00F2-4249-9DE5-040476B1CB95}"
EndProject
Project("{2150E333-8FDC-42A3-9474-1A3956D46DE8}") = "Common", "Common", "{CC632FE4-A0E6-47AB-A2F4-EF8063743FAA}"
EndProject
Project("{9A19103F-16F7-4668-BE54-9A1E7A4F7556}") = "Common", "Common\Common.csproj", "{24E36E58-87C5-4235-B09A-612DCAAEF056}"
EndProject
Project("{9A19103F-16F7-4668-BE54-9A1E7A4F7556}") = "Inventory.Expressions.Contracts", "Inventory.Expressions.Contracts\Inventory.Expressions.Contracts.csproj", "{004EF909-1F88-4660-9B23-13AF7C5B3F32}"
EndProject
Project("{2150E333-8FDC-42A3-9474-1A3956D46DE8}") = "Transactions", "Transactions", "{3148B307-D3E3-4049-835A-912CDA6DBFDE}"
EndProject
Project("{9A19103F-16F7-4668-BE54-9A1E7A4F7556}") = "Inventory.Transactions", "Inventory.Transactions\Inventory.Transactions.csproj", "{9414B37A-4D36-48D3-B5DA-3EE14DE1CA08}"
EndProject
Project("{9A19103F-16F7-4668-BE54-9A1E7A4F7556}") = "Inventory.Transactions.Contracts", "Inventory.Transactions.Contracts\Inventory.Transactions.Contracts.csproj", "{533EADA9-36BE-46E8-BE50-CB671FD898B9}"
EndProject
Project("{2150E333-8FDC-42A3-9474-1A3956D46DE8}") = "Utilities", "Utilities", "{095722A7-8D45-4AC1-9427-6FED013EB486}"
EndProject
Project("{2150E333-8FDC-42A3-9474-1A3956D46DE8}") = "SQL", "SQL", "{0844F098-CD39-4904-8C5B-E019D592C9B0}"
	ProjectSection(SolutionItems) = preProject
		LetScript.text = LetScript.text
	EndProjectSection
EndProject
Project("{2150E333-8FDC-42A3-9474-1A3956D46DE8}") = "Configuration", "Configuration", "{AC7A4717-12B8-4C28-B6E1-937110C9CA79}"
EndProject
Project("{FAE04EC0-301F-11D3-BF4B-00C04F79EFBC}") = "Inventory.Configuration", "Inventory.Configuration\Inventory.Configuration.csproj", "{CA9E65A7-3B03-43D7-8BD1-75F8BBA543EF}"
EndProject
Project("{FAE04EC0-301F-11D3-BF4B-00C04F79EFBC}") = "Inventory.Configuration.Contracts", "Inventory.Configuration.Contracts\Inventory.Configuration.Contracts.csproj", "{2B15E688-57F5-4599-9F22-EE53E0C80155}"
EndProject
Project("{2150E333-8FDC-42A3-9474-1A3956D46DE8}") = "Sample requests", "Sample requests", "{991B6BAB-6EDC-4EB2-9AA3-244C925A2ED7}"
	ProjectSection(SolutionItems) = preProject
		addNotificaion.json = addNotificaion.json
		AddPricesExpression.json = AddPricesExpression.json
		AddPricesExpression.Designer.json = AddPricesExpression.Designer.json
		addProductExpression.json = addProductExpression.json
		editproduct.json = editproduct.json
		insertInventory.json = insertInventory.json
		InsertLegoProduct.json = InsertLegoProduct.json
		insertproduct.json = insertproduct.json
		InsertQuantityMetric.json = InsertQuantityMetric.json
		login.json = login.json
	EndProjectSection
EndProject
Project("{FAE04EC0-301F-11D3-BF4B-00C04F79EFBC}") = "Inventory.WebApp", "Inventory.WebApp\Inventory.WebApp.csproj", "{9B344453-34D9-48E4-A31A-18C47866F20A}"
EndProject
Global
	GlobalSection(SolutionConfigurationPlatforms) = preSolution
		Debug|Any CPU = Debug|Any CPU
		Release|Any CPU = Release|Any CPU
	EndGlobalSection
	GlobalSection(ProjectConfigurationPlatforms) = postSolution
		{87325F5C-EC1F-4B8A-A094-171E6004298F}.Debug|Any CPU.ActiveCfg = Debug|Any CPU
		{87325F5C-EC1F-4B8A-A094-171E6004298F}.Debug|Any CPU.Build.0 = Debug|Any CPU
		{87325F5C-EC1F-4B8A-A094-171E6004298F}.Release|Any CPU.ActiveCfg = Release|Any CPU
		{87325F5C-EC1F-4B8A-A094-171E6004298F}.Release|Any CPU.Build.0 = Release|Any CPU
		{87FDD436-350F-449B-8B01-75FAE1EF3526}.Debug|Any CPU.ActiveCfg = Debug|Any CPU
		{87FDD436-350F-449B-8B01-75FAE1EF3526}.Debug|Any CPU.Build.0 = Debug|Any CPU
		{87FDD436-350F-449B-8B01-75FAE1EF3526}.Release|Any CPU.ActiveCfg = Release|Any CPU
		{87FDD436-350F-449B-8B01-75FAE1EF3526}.Release|Any CPU.Build.0 = Release|Any CPU
		{079A5917-DE1C-4CD7-BB0F-6A95E90E390A}.Debug|Any CPU.ActiveCfg = Debug|Any CPU
		{079A5917-DE1C-4CD7-BB0F-6A95E90E390A}.Debug|Any CPU.Build.0 = Debug|Any CPU
		{079A5917-DE1C-4CD7-BB0F-6A95E90E390A}.Release|Any CPU.ActiveCfg = Release|Any CPU
		{079A5917-DE1C-4CD7-BB0F-6A95E90E390A}.Release|Any CPU.Build.0 = Release|Any CPU
		{302F89CA-2D96-449B-A142-B362D2D479AB}.Debug|Any CPU.ActiveCfg = Debug|Any CPU
		{302F89CA-2D96-449B-A142-B362D2D479AB}.Debug|Any CPU.Build.0 = Debug|Any CPU
		{302F89CA-2D96-449B-A142-B362D2D479AB}.Release|Any CPU.ActiveCfg = Release|Any CPU
		{302F89CA-2D96-449B-A142-B362D2D479AB}.Release|Any CPU.Build.0 = Release|Any CPU
		{6F10D302-0340-4F4A-BA54-C2A3FE67A1D1}.Debug|Any CPU.ActiveCfg = Debug|Any CPU
		{6F10D302-0340-4F4A-BA54-C2A3FE67A1D1}.Debug|Any CPU.Build.0 = Debug|Any CPU
		{6F10D302-0340-4F4A-BA54-C2A3FE67A1D1}.Release|Any CPU.ActiveCfg = Release|Any CPU
		{6F10D302-0340-4F4A-BA54-C2A3FE67A1D1}.Release|Any CPU.Build.0 = Release|Any CPU
		{87C42F9B-2E72-425D-83E8-FC887C66175E}.Debug|Any CPU.ActiveCfg = Debug|Any CPU
		{87C42F9B-2E72-425D-83E8-FC887C66175E}.Debug|Any CPU.Build.0 = Debug|Any CPU
		{87C42F9B-2E72-425D-83E8-FC887C66175E}.Release|Any CPU.ActiveCfg = Release|Any CPU
		{87C42F9B-2E72-425D-83E8-FC887C66175E}.Release|Any CPU.Build.0 = Release|Any CPU
		{DAB154A1-13EB-4921-B98A-CCD68A54709A}.Debug|Any CPU.ActiveCfg = Debug|Any CPU
		{DAB154A1-13EB-4921-B98A-CCD68A54709A}.Debug|Any CPU.Build.0 = Debug|Any CPU
		{DAB154A1-13EB-4921-B98A-CCD68A54709A}.Release|Any CPU.ActiveCfg = Release|Any CPU
		{DAB154A1-13EB-4921-B98A-CCD68A54709A}.Release|Any CPU.Build.0 = Release|Any CPU
		{67952AEF-5FAC-414D-B88C-C59A8CF85570}.Debug|Any CPU.ActiveCfg = Debug|Any CPU
		{67952AEF-5FAC-414D-B88C-C59A8CF85570}.Debug|Any CPU.Build.0 = Debug|Any CPU
		{67952AEF-5FAC-414D-B88C-C59A8CF85570}.Release|Any CPU.ActiveCfg = Release|Any CPU
		{67952AEF-5FAC-414D-B88C-C59A8CF85570}.Release|Any CPU.Build.0 = Release|Any CPU
		{24E36E58-87C5-4235-B09A-612DCAAEF056}.Debug|Any CPU.ActiveCfg = Debug|Any CPU
		{24E36E58-87C5-4235-B09A-612DCAAEF056}.Debug|Any CPU.Build.0 = Debug|Any CPU
		{24E36E58-87C5-4235-B09A-612DCAAEF056}.Release|Any CPU.ActiveCfg = Release|Any CPU
		{24E36E58-87C5-4235-B09A-612DCAAEF056}.Release|Any CPU.Build.0 = Release|Any CPU
		{004EF909-1F88-4660-9B23-13AF7C5B3F32}.Debug|Any CPU.ActiveCfg = Debug|Any CPU
		{004EF909-1F88-4660-9B23-13AF7C5B3F32}.Debug|Any CPU.Build.0 = Debug|Any CPU
		{004EF909-1F88-4660-9B23-13AF7C5B3F32}.Release|Any CPU.ActiveCfg = Release|Any CPU
		{004EF909-1F88-4660-9B23-13AF7C5B3F32}.Release|Any CPU.Build.0 = Release|Any CPU
		{9414B37A-4D36-48D3-B5DA-3EE14DE1CA08}.Debug|Any CPU.ActiveCfg = Debug|Any CPU
		{9414B37A-4D36-48D3-B5DA-3EE14DE1CA08}.Debug|Any CPU.Build.0 = Debug|Any CPU
		{9414B37A-4D36-48D3-B5DA-3EE14DE1CA08}.Release|Any CPU.ActiveCfg = Release|Any CPU
		{9414B37A-4D36-48D3-B5DA-3EE14DE1CA08}.Release|Any CPU.Build.0 = Release|Any CPU
		{533EADA9-36BE-46E8-BE50-CB671FD898B9}.Debug|Any CPU.ActiveCfg = Debug|Any CPU
		{533EADA9-36BE-46E8-BE50-CB671FD898B9}.Debug|Any CPU.Build.0 = Debug|Any CPU
		{533EADA9-36BE-46E8-BE50-CB671FD898B9}.Release|Any CPU.ActiveCfg = Release|Any CPU
		{533EADA9-36BE-46E8-BE50-CB671FD898B9}.Release|Any CPU.Build.0 = Release|Any CPU
		{CA9E65A7-3B03-43D7-8BD1-75F8BBA543EF}.Debug|Any CPU.ActiveCfg = Debug|Any CPU
		{CA9E65A7-3B03-43D7-8BD1-75F8BBA543EF}.Debug|Any CPU.Build.0 = Debug|Any CPU
		{CA9E65A7-3B03-43D7-8BD1-75F8BBA543EF}.Release|Any CPU.ActiveCfg = Release|Any CPU
		{CA9E65A7-3B03-43D7-8BD1-75F8BBA543EF}.Release|Any CPU.Build.0 = Release|Any CPU
		{2B15E688-57F5-4599-9F22-EE53E0C80155}.Debug|Any CPU.ActiveCfg = Debug|Any CPU
		{2B15E688-57F5-4599-9F22-EE53E0C80155}.Debug|Any CPU.Build.0 = Debug|Any CPU
		{2B15E688-57F5-4599-9F22-EE53E0C80155}.Release|Any CPU.ActiveCfg = Release|Any CPU
		{2B15E688-57F5-4599-9F22-EE53E0C80155}.Release|Any CPU.Build.0 = Release|Any CPU
		{9B344453-34D9-48E4-A31A-18C47866F20A}.Debug|Any CPU.ActiveCfg = Debug|Any CPU
		{9B344453-34D9-48E4-A31A-18C47866F20A}.Debug|Any CPU.Build.0 = Debug|Any CPU
		{9B344453-34D9-48E4-A31A-18C47866F20A}.Release|Any CPU.ActiveCfg = Release|Any CPU
		{9B344453-34D9-48E4-A31A-18C47866F20A}.Release|Any CPU.Build.0 = Release|Any CPU
	EndGlobalSection
	GlobalSection(SolutionProperties) = preSolution
		HideSolutionNode = FALSE
	EndGlobalSection
	GlobalSection(NestedProjects) = preSolution
		{87325F5C-EC1F-4B8A-A094-171E6004298F} = {A448CE67-00F2-4249-9DE5-040476B1CB95}
		{87FDD436-350F-449B-8B01-75FAE1EF3526} = {FC7F9F24-A6CD-4F29-9A04-866E01A39B73}
		{FC7F9F24-A6CD-4F29-9A04-866E01A39B73} = {A448CE67-00F2-4249-9DE5-040476B1CB95}
		{079A5917-DE1C-4CD7-BB0F-6A95E90E390A} = {4EDD68F9-FA56-44A8-A297-8383D03789A6}
		{302F89CA-2D96-449B-A142-B362D2D479AB} = {FC7F9F24-A6CD-4F29-9A04-866E01A39B73}
		{ED2847C0-EB93-4BCC-82A3-19613A02DBCB} = {A448CE67-00F2-4249-9DE5-040476B1CB95}
		{6F10D302-0340-4F4A-BA54-C2A3FE67A1D1} = {ED2847C0-EB93-4BCC-82A3-19613A02DBCB}
		{4EDD68F9-FA56-44A8-A297-8383D03789A6} = {A448CE67-00F2-4249-9DE5-040476B1CB95}
		{BF59840D-EBEE-4E3A-8DB0-ACB79CD1D488} = {A448CE67-00F2-4249-9DE5-040476B1CB95}
		{87C42F9B-2E72-425D-83E8-FC887C66175E} = {BF59840D-EBEE-4E3A-8DB0-ACB79CD1D488}
		{DAB154A1-13EB-4921-B98A-CCD68A54709A} = {C888E672-23E1-484A-9314-D3AF664ED03A}
		{67952AEF-5FAC-414D-B88C-C59A8CF85570} = {ED2847C0-EB93-4BCC-82A3-19613A02DBCB}
		{CC632FE4-A0E6-47AB-A2F4-EF8063743FAA} = {A448CE67-00F2-4249-9DE5-040476B1CB95}
		{24E36E58-87C5-4235-B09A-612DCAAEF056} = {CC632FE4-A0E6-47AB-A2F4-EF8063743FAA}
		{004EF909-1F88-4660-9B23-13AF7C5B3F32} = {BF59840D-EBEE-4E3A-8DB0-ACB79CD1D488}
		{3148B307-D3E3-4049-835A-912CDA6DBFDE} = {A448CE67-00F2-4249-9DE5-040476B1CB95}
		{9414B37A-4D36-48D3-B5DA-3EE14DE1CA08} = {3148B307-D3E3-4049-835A-912CDA6DBFDE}
		{533EADA9-36BE-46E8-BE50-CB671FD898B9} = {3148B307-D3E3-4049-835A-912CDA6DBFDE}
		{095722A7-8D45-4AC1-9427-6FED013EB486} = {A448CE67-00F2-4249-9DE5-040476B1CB95}
		{0844F098-CD39-4904-8C5B-E019D592C9B0} = {FC7F9F24-A6CD-4F29-9A04-866E01A39B73}
		{AC7A4717-12B8-4C28-B6E1-937110C9CA79} = {A448CE67-00F2-4249-9DE5-040476B1CB95}
		{CA9E65A7-3B03-43D7-8BD1-75F8BBA543EF} = {AC7A4717-12B8-4C28-B6E1-937110C9CA79}
		{2B15E688-57F5-4599-9F22-EE53E0C80155} = {AC7A4717-12B8-4C28-B6E1-937110C9CA79}
		{991B6BAB-6EDC-4EB2-9AA3-244C925A2ED7} = {73974222-20FE-4DD3-B1B4-B4A1867377EB}
		{9B344453-34D9-48E4-A31A-18C47866F20A} = {A448CE67-00F2-4249-9DE5-040476B1CB95}
	EndGlobalSection
	GlobalSection(ExtensibilityGlobals) = postSolution
		SolutionGuid = {582FC159-BB6D-4F86-A864-9DCDBC25735B}
	EndGlobalSection
EndGlobal
